
Microsoft Visual Studio Solution File, Format Version 12.00
# Visual Studio Version 16
VisualStudioVersion = 16.0.810.14
MinimumVisualStudioVersion = 10.0.40219.1
Project("{FAE04EC0-301F-11D3-BF4B-00C04F79EFBC}") = "19-MedicineForRudolph", "19-MedicineForRudolph.csproj", "{7EF46D82-8CBB-4D99-94D8-321C1C6EB92D}"
EndProject
Global
	GlobalSection(SolutionConfigurationPlatforms) = preSolution
		Debug|Any CPU = Debug|Any CPU
		Release|Any CPU = Release|Any CPU
	EndGlobalSection
	GlobalSection(ProjectConfigurationPlatforms) = postSolution
		{7EF46D82-8CBB-4D99-94D8-321C1C6EB92D}.Debug|Any CPU.ActiveCfg = Debug|Any CPU
		{7EF46D82-8CBB-4D99-94D8-321C1C6EB92D}.Debug|Any CPU.Build.0 = Debug|Any CPU
		{7EF46D82-8CBB-4D99-94D8-321C1C6EB92D}.Release|Any CPU.ActiveCfg = Release|Any CPU
		{7EF46D82-8CBB-4D99-94D8-321C1C6EB92D}.Release|Any CPU.Build.0 = Release|Any CPU
	EndGlobalSection
	GlobalSection(SolutionProperties) = preSolution
		HideSolutionNode = FALSE
	EndGlobalSection
	GlobalSection(ExtensibilityGlobals) = postSolution
		SolutionGuid = {4A19EBF9-B295-4493-9ECB-911FB601F3CE}
	EndGlobalSection
EndGlobal
